
Microsoft Visual Studio Solution File, Format Version 12.00
# Visual Studio Version 16
VisualStudioVersion = 16.0.31005.135
MinimumVisualStudioVersion = 10.0.40219.1
Project("{FAE04EC0-301F-11D3-BF4B-00C04F79EFBC}") = "tic_tac_toe", "tic_tac_toe\tic_tac_toe.csproj", "{63F6BD07-F915-4195-94BD-CE84A9D59060}"
EndProject
Global
	GlobalSection(SolutionConfigurationPlatforms) = preSolution
		Debug|Any CPU = Debug|Any CPU
		Release|Any CPU = Release|Any CPU
	EndGlobalSection
	GlobalSection(ProjectConfigurationPlatforms) = postSolution
		{63F6BD07-F915-4195-94BD-CE84A9D59060}.Debug|Any CPU.ActiveCfg = Debug|Any CPU
		{63F6BD07-F915-4195-94BD-CE84A9D59060}.Debug|Any CPU.Build.0 = Debug|Any CPU
		{63F6BD07-F915-4195-94BD-CE84A9D59060}.Release|Any CPU.ActiveCfg = Release|Any CPU
		{63F6BD07-F915-4195-94BD-CE84A9D59060}.Release|Any CPU.Build.0 = Release|Any CPU
	EndGlobalSection
	GlobalSection(SolutionProperties) = preSolution
		HideSolutionNode = FALSE
	EndGlobalSection
	GlobalSection(ExtensibilityGlobals) = postSolution
		SolutionGuid = {B43E6ADC-BC7F-4A57-BA3C-12ACD4EA64C2}
	EndGlobalSection
EndGlobal
